
Microsoft Visual Studio Solution File, Format Version 12.00
# Visual Studio 15
Project("{FAE04EC0-301F-11D3-BF4B-00C04F79EFBC}") = "Prototype", "Prototype\Prototype.csproj", "{5001088E-F4AF-4FA7-8957-9F8CBAB1835E}"
EndProject
Global
	GlobalSection(SolutionConfigurationPlatforms) = preSolution
		Debug|anycpu = Debug|anycpu
		Release|anycpu = Release|anycpu
	EndGlobalSection
	GlobalSection(ProjectConfigurationPlatforms) = postSolution
		{5001088E-F4AF-4FA7-8957-9F8CBAB1835E}.Debug|anycpu.ActiveCfg = Debug|anycpu
		{5001088E-F4AF-4FA7-8957-9F8CBAB1835E}.Debug|anycpu.Build.0 = Debug|anycpu
		{5001088E-F4AF-4FA7-8957-9F8CBAB1835E}.Release|anycpu.ActiveCfg = Release|anycpu
		{5001088E-F4AF-4FA7-8957-9F8CBAB1835E}.Release|anycpu.Build.0 = Release|anycpu
	EndGlobalSection
EndGlobal
